
Microsoft Visual Studio Solution File, Format Version 12.00
Project("{FAE04EC0-301F-11D3-BF4B-00C04F79EFBC}") = "001", "001\001.csproj", "{42E7D51D-2D6D-4EDA-BB63-9DF442BCE6D3}"
EndProject
Project("{FAE04EC0-301F-11D3-BF4B-00C04F79EFBC}") = "004 寻找两个正序数组的中位数", "004 寻找两个正序数组的中位数\004 寻找两个正序数组的中位数.csproj", "{9E8E8C59-38C1-428E-976E-8BE9D876AF62}"
EndProject
Project("{2150E333-8FDC-42A3-9474-1A3956D46DE8}") = "二分查找", "二分查找", "{1F8B931E-4687-4EB9-9021-75E179C51CF6}"
EndProject
Project("{FAE04EC0-301F-11D3-BF4B-00C04F79EFBC}") = "二分查找基础", "二分查找基础\二分查找基础.csproj", "{80EC0FE8-19F2-4205-BF3B-E760F27CE1B9}"
EndProject
Project("{2150E333-8FDC-42A3-9474-1A3956D46DE8}") = "Tools", "Tools", "{9B02744F-937F-41BD-B86C-BF5F602FB89E}"
EndProject
Project("{FAE04EC0-301F-11D3-BF4B-00C04F79EFBC}") = "RandomGenerator", "RandomGenerator\RandomGenerator.csproj", "{02000D7E-3470-44E9-BDCD-F553B95CA7C3}"
EndProject
Project("{FAE04EC0-301F-11D3-BF4B-00C04F79EFBC}") = "035 搜索插入位置", "035 搜索插入位置\035 搜索插入位置.csproj", "{9EC4DDF8-E35B-4A7F-9612-A66D92A1C54C}"
EndProject
Project("{FAE04EC0-301F-11D3-BF4B-00C04F79EFBC}") = "033 搜索旋转排序数组", "033 搜索旋转排序数组\033 搜索旋转排序数组.csproj", "{8DB8F9F2-66B2-4987-8288-189CD3288022}"
EndProject
Project("{FAE04EC0-301F-11D3-BF4B-00C04F79EFBC}") = "034 在排序数组中查找元素的第一个和最后一个位置", "034 在排序数组中查找元素的第一个和最后一个位置\034 在排序数组中查找元素的第一个和最后一个位置.csproj", "{5E3F699C-BA6E-4A73-8DF7-A75E60723BB9}"
EndProject
Project("{FAE04EC0-301F-11D3-BF4B-00C04F79EFBC}") = "074 搜索二维矩阵", "074 搜索二维矩阵\074 搜索二维矩阵.csproj", "{3C6CE2EB-593E-4DE5-8E4D-42A1D6170DE9}"
EndProject
Project("{FAE04EC0-301F-11D3-BF4B-00C04F79EFBC}") = "081 搜索旋转排序数组2", "081 搜索旋转排序数组2\081 搜索旋转排序数组2.csproj", "{30ACB651-9515-4C63-B337-FBC8577631CB}"
EndProject
Project("{FAE04EC0-301F-11D3-BF4B-00C04F79EFBC}") = "739 每日温度", "739 每日温度\739 每日温度.csproj", "{D696A087-8458-426B-908F-D8E51DC25922}"
EndProject
Project("{FAE04EC0-301F-11D3-BF4B-00C04F79EFBC}") = "temp", "temp\temp.csproj", "{44B6B662-11BA-4FC1-A846-03048B9D4E82}"
EndProject
Project("{FAE04EC0-301F-11D3-BF4B-00C04F79EFBC}") = "146 LRU缓存", "146 LRU缓存\146 LRU缓存.csproj", "{861A9907-2BF4-4F35-BBC5-961F1AEE4196}"
EndProject
Project("{FAE04EC0-301F-11D3-BF4B-00C04F79EFBC}") = "1502 判断能否形成等差数列", "1502 判断能否形成等差数列\1502 判断能否形成等差数列.csproj", "{FA5A0451-C047-4BA6-A257-1809B4BFE9A5}"
EndProject
Project("{FAE04EC0-301F-11D3-BF4B-00C04F79EFBC}") = "2485 找出中枢整数", "2485 找出中枢整数\2485 找出中枢整数.csproj", "{AE9B2F43-AE4F-4EBD-B2BA-0C0296AA8300}"
EndProject
Project("{FAE04EC0-301F-11D3-BF4B-00C04F79EFBC}") = "009 回文数", "009 回文数\009 回文数.csproj", "{088697AA-418C-4A12-9337-1F597634FC21}"
EndProject
Project("{FAE04EC0-301F-11D3-BF4B-00C04F79EFBC}") = "007 整数反转", "007 整数反转\007 整数反转.csproj", "{79ADDE2A-B2D6-40DB-9B43-401544419B0E}"
EndProject
Global
	GlobalSection(SolutionConfigurationPlatforms) = preSolution
		Debug|Any CPU = Debug|Any CPU
		Release|Any CPU = Release|Any CPU
	EndGlobalSection
	GlobalSection(ProjectConfigurationPlatforms) = postSolution
		{42E7D51D-2D6D-4EDA-BB63-9DF442BCE6D3}.Debug|Any CPU.ActiveCfg = Debug|Any CPU
		{42E7D51D-2D6D-4EDA-BB63-9DF442BCE6D3}.Debug|Any CPU.Build.0 = Debug|Any CPU
		{42E7D51D-2D6D-4EDA-BB63-9DF442BCE6D3}.Release|Any CPU.ActiveCfg = Release|Any CPU
		{42E7D51D-2D6D-4EDA-BB63-9DF442BCE6D3}.Release|Any CPU.Build.0 = Release|Any CPU
		{9E8E8C59-38C1-428E-976E-8BE9D876AF62}.Debug|Any CPU.ActiveCfg = Debug|Any CPU
		{9E8E8C59-38C1-428E-976E-8BE9D876AF62}.Debug|Any CPU.Build.0 = Debug|Any CPU
		{9E8E8C59-38C1-428E-976E-8BE9D876AF62}.Release|Any CPU.ActiveCfg = Release|Any CPU
		{9E8E8C59-38C1-428E-976E-8BE9D876AF62}.Release|Any CPU.Build.0 = Release|Any CPU
		{80EC0FE8-19F2-4205-BF3B-E760F27CE1B9}.Debug|Any CPU.ActiveCfg = Debug|Any CPU
		{80EC0FE8-19F2-4205-BF3B-E760F27CE1B9}.Debug|Any CPU.Build.0 = Debug|Any CPU
		{80EC0FE8-19F2-4205-BF3B-E760F27CE1B9}.Release|Any CPU.ActiveCfg = Release|Any CPU
		{80EC0FE8-19F2-4205-BF3B-E760F27CE1B9}.Release|Any CPU.Build.0 = Release|Any CPU
		{02000D7E-3470-44E9-BDCD-F553B95CA7C3}.Debug|Any CPU.ActiveCfg = Debug|Any CPU
		{02000D7E-3470-44E9-BDCD-F553B95CA7C3}.Debug|Any CPU.Build.0 = Debug|Any CPU
		{02000D7E-3470-44E9-BDCD-F553B95CA7C3}.Release|Any CPU.ActiveCfg = Release|Any CPU
		{02000D7E-3470-44E9-BDCD-F553B95CA7C3}.Release|Any CPU.Build.0 = Release|Any CPU
		{9EC4DDF8-E35B-4A7F-9612-A66D92A1C54C}.Debug|Any CPU.ActiveCfg = Debug|Any CPU
		{9EC4DDF8-E35B-4A7F-9612-A66D92A1C54C}.Debug|Any CPU.Build.0 = Debug|Any CPU
		{9EC4DDF8-E35B-4A7F-9612-A66D92A1C54C}.Release|Any CPU.ActiveCfg = Release|Any CPU
		{9EC4DDF8-E35B-4A7F-9612-A66D92A1C54C}.Release|Any CPU.Build.0 = Release|Any CPU
		{8DB8F9F2-66B2-4987-8288-189CD3288022}.Debug|Any CPU.ActiveCfg = Debug|Any CPU
		{8DB8F9F2-66B2-4987-8288-189CD3288022}.Debug|Any CPU.Build.0 = Debug|Any CPU
		{8DB8F9F2-66B2-4987-8288-189CD3288022}.Release|Any CPU.ActiveCfg = Release|Any CPU
		{8DB8F9F2-66B2-4987-8288-189CD3288022}.Release|Any CPU.Build.0 = Release|Any CPU
		{5E3F699C-BA6E-4A73-8DF7-A75E60723BB9}.Debug|Any CPU.ActiveCfg = Debug|Any CPU
		{5E3F699C-BA6E-4A73-8DF7-A75E60723BB9}.Debug|Any CPU.Build.0 = Debug|Any CPU
		{5E3F699C-BA6E-4A73-8DF7-A75E60723BB9}.Release|Any CPU.ActiveCfg = Release|Any CPU
		{5E3F699C-BA6E-4A73-8DF7-A75E60723BB9}.Release|Any CPU.Build.0 = Release|Any CPU
		{3C6CE2EB-593E-4DE5-8E4D-42A1D6170DE9}.Debug|Any CPU.ActiveCfg = Debug|Any CPU
		{3C6CE2EB-593E-4DE5-8E4D-42A1D6170DE9}.Debug|Any CPU.Build.0 = Debug|Any CPU
		{3C6CE2EB-593E-4DE5-8E4D-42A1D6170DE9}.Release|Any CPU.ActiveCfg = Release|Any CPU
		{3C6CE2EB-593E-4DE5-8E4D-42A1D6170DE9}.Release|Any CPU.Build.0 = Release|Any CPU
		{30ACB651-9515-4C63-B337-FBC8577631CB}.Debug|Any CPU.ActiveCfg = Debug|Any CPU
		{30ACB651-9515-4C63-B337-FBC8577631CB}.Debug|Any CPU.Build.0 = Debug|Any CPU
		{30ACB651-9515-4C63-B337-FBC8577631CB}.Release|Any CPU.ActiveCfg = Release|Any CPU
		{30ACB651-9515-4C63-B337-FBC8577631CB}.Release|Any CPU.Build.0 = Release|Any CPU
		{D696A087-8458-426B-908F-D8E51DC25922}.Debug|Any CPU.ActiveCfg = Debug|Any CPU
		{D696A087-8458-426B-908F-D8E51DC25922}.Debug|Any CPU.Build.0 = Debug|Any CPU
		{D696A087-8458-426B-908F-D8E51DC25922}.Release|Any CPU.ActiveCfg = Release|Any CPU
		{D696A087-8458-426B-908F-D8E51DC25922}.Release|Any CPU.Build.0 = Release|Any CPU
		{44B6B662-11BA-4FC1-A846-03048B9D4E82}.Debug|Any CPU.ActiveCfg = Debug|Any CPU
		{44B6B662-11BA-4FC1-A846-03048B9D4E82}.Debug|Any CPU.Build.0 = Debug|Any CPU
		{44B6B662-11BA-4FC1-A846-03048B9D4E82}.Release|Any CPU.ActiveCfg = Release|Any CPU
		{44B6B662-11BA-4FC1-A846-03048B9D4E82}.Release|Any CPU.Build.0 = Release|Any CPU
		{861A9907-2BF4-4F35-BBC5-961F1AEE4196}.Debug|Any CPU.ActiveCfg = Debug|Any CPU
		{861A9907-2BF4-4F35-BBC5-961F1AEE4196}.Debug|Any CPU.Build.0 = Debug|Any CPU
		{861A9907-2BF4-4F35-BBC5-961F1AEE4196}.Release|Any CPU.ActiveCfg = Release|Any CPU
		{861A9907-2BF4-4F35-BBC5-961F1AEE4196}.Release|Any CPU.Build.0 = Release|Any CPU
		{FA5A0451-C047-4BA6-A257-1809B4BFE9A5}.Debug|Any CPU.ActiveCfg = Debug|Any CPU
		{FA5A0451-C047-4BA6-A257-1809B4BFE9A5}.Debug|Any CPU.Build.0 = Debug|Any CPU
		{FA5A0451-C047-4BA6-A257-1809B4BFE9A5}.Release|Any CPU.ActiveCfg = Release|Any CPU
		{FA5A0451-C047-4BA6-A257-1809B4BFE9A5}.Release|Any CPU.Build.0 = Release|Any CPU
		{AE9B2F43-AE4F-4EBD-B2BA-0C0296AA8300}.Debug|Any CPU.ActiveCfg = Debug|Any CPU
		{AE9B2F43-AE4F-4EBD-B2BA-0C0296AA8300}.Debug|Any CPU.Build.0 = Debug|Any CPU
		{AE9B2F43-AE4F-4EBD-B2BA-0C0296AA8300}.Release|Any CPU.ActiveCfg = Release|Any CPU
		{AE9B2F43-AE4F-4EBD-B2BA-0C0296AA8300}.Release|Any CPU.Build.0 = Release|Any CPU
		{088697AA-418C-4A12-9337-1F597634FC21}.Debug|Any CPU.ActiveCfg = Debug|Any CPU
		{088697AA-418C-4A12-9337-1F597634FC21}.Debug|Any CPU.Build.0 = Debug|Any CPU
		{088697AA-418C-4A12-9337-1F597634FC21}.Release|Any CPU.ActiveCfg = Release|Any CPU
		{088697AA-418C-4A12-9337-1F597634FC21}.Release|Any CPU.Build.0 = Release|Any CPU
		{79ADDE2A-B2D6-40DB-9B43-401544419B0E}.Debug|Any CPU.ActiveCfg = Debug|Any CPU
		{79ADDE2A-B2D6-40DB-9B43-401544419B0E}.Debug|Any CPU.Build.0 = Debug|Any CPU
		{79ADDE2A-B2D6-40DB-9B43-401544419B0E}.Release|Any CPU.ActiveCfg = Release|Any CPU
		{79ADDE2A-B2D6-40DB-9B43-401544419B0E}.Release|Any CPU.Build.0 = Release|Any CPU
	EndGlobalSection
	GlobalSection(NestedProjects) = preSolution
		{80EC0FE8-19F2-4205-BF3B-E760F27CE1B9} = {1F8B931E-4687-4EB9-9021-75E179C51CF6}
		{02000D7E-3470-44E9-BDCD-F553B95CA7C3} = {9B02744F-937F-41BD-B86C-BF5F602FB89E}
	EndGlobalSection
EndGlobal
