
Microsoft Visual Studio Solution File, Format Version 12.00
Project("{FAE04EC0-301F-11D3-BF4B-00C04F79EFBC}") = "001", "001\001.csproj", "{42E7D51D-2D6D-4EDA-BB63-9DF442BCE6D3}"
EndProject
Project("{FAE04EC0-301F-11D3-BF4B-00C04F79EFBC}") = "004 寻找两个正序数组的中位数", "004 寻找两个正序数组的中位数\004 寻找两个正序数组的中位数.csproj", "{9E8E8C59-38C1-428E-976E-8BE9D876AF62}"
EndProject
Global
	GlobalSection(SolutionConfigurationPlatforms) = preSolution
		Debug|Any CPU = Debug|Any CPU
		Release|Any CPU = Release|Any CPU
	EndGlobalSection
	GlobalSection(ProjectConfigurationPlatforms) = postSolution
		{42E7D51D-2D6D-4EDA-BB63-9DF442BCE6D3}.Debug|Any CPU.ActiveCfg = Debug|Any CPU
		{42E7D51D-2D6D-4EDA-BB63-9DF442BCE6D3}.Debug|Any CPU.Build.0 = Debug|Any CPU
		{42E7D51D-2D6D-4EDA-BB63-9DF442BCE6D3}.Release|Any CPU.ActiveCfg = Release|Any CPU
		{42E7D51D-2D6D-4EDA-BB63-9DF442BCE6D3}.Release|Any CPU.Build.0 = Release|Any CPU
		{9E8E8C59-38C1-428E-976E-8BE9D876AF62}.Debug|Any CPU.ActiveCfg = Debug|Any CPU
		{9E8E8C59-38C1-428E-976E-8BE9D876AF62}.Debug|Any CPU.Build.0 = Debug|Any CPU
		{9E8E8C59-38C1-428E-976E-8BE9D876AF62}.Release|Any CPU.ActiveCfg = Release|Any CPU
		{9E8E8C59-38C1-428E-976E-8BE9D876AF62}.Release|Any CPU.Build.0 = Release|Any CPU
	EndGlobalSection
EndGlobal
